{
  "name": "facilio",
  "version": "1.0.0",
  "lockfileVersion": 2,
  "requires": true,
  "packages": {
    "": {
      "name": "facilio",
      "version": "1.0.0",
      "license": "ISC",
      "dependencies": {
        "animate.css": "^4.1.1",
        "swiper": "^11.0.6"
      },
      "devDependencies": {}
    },
    "node_modules/animate.css": {
      "version": "4.1.1",
      "resolved": "https://registry.npmjs.org/animate.css/-/animate.css-4.1.1.tgz",
      "integrity": "sha512-+mRmCTv6SbCmtYJCN4faJMNFVNN5EuCTTprDTAo7YzIGji2KADmakjVA3+8mVDkZ2Bf09vayB35lSQIex2+QaQ=="
    },
    "node_modules/swiper": {
      "version": "11.0.6",
      "resolved": "https://registry.npmjs.org/swiper/-/swiper-11.0.6.tgz",
      "integrity": "sha512-W/Me7MQl5rNgdM5x9i3Gll76WsyVpnHn91GhBOyL7RCFUeg62aVnflzlVfIpXzZ/87FtJOfAoDH79ZH2Yq76zA==",
      "funding": [
        {
          "type": "patreon",
          "url": "https://www.patreon.com/swiperjs"
        },
        {
          "type": "open_collective",
          "url": "http://opencollective.com/swiper"
        }
      ],
      "engines": {
        "node": ">= 4.7.0"
      }
    }
  },
  "dependencies": {
    "animate.css": {
      "version": "4.1.1",
      "resolved": "https://registry.npmjs.org/animate.css/-/animate.css-4.1.1.tgz",
      "integrity": "sha512-+mRmCTv6SbCmtYJCN4faJMNFVNN5EuCTTprDTAo7YzIGji2KADmakjVA3+8mVDkZ2Bf09vayB35lSQIex2+QaQ=="
    },
    "swiper": {
      "version": "11.0.6",
      "resolved": "https://registry.npmjs.org/swiper/-/swiper-11.0.6.tgz",
      "integrity": "sha512-W/Me7MQl5rNgdM5x9i3Gll76WsyVpnHn91GhBOyL7RCFUeg62aVnflzlVfIpXzZ/87FtJOfAoDH79ZH2Yq76zA=="
    }
  }
}
